
Microsoft Visual Studio Solution File, Format Version 12.00
# Visual Studio Version 17
VisualStudioVersion = 17.5.33414.496
MinimumVisualStudioVersion = 10.0.40219.1
Project("{9A19103F-16F7-4668-BE54-9A1E7A4F7556}") = "BulkyBookWeb", "BulkyBookWeb\BulkyBookWeb.csproj", "{AEF71DCD-F6AA-4574-BE5B-3C7A8587B758}"
EndProject
Project("{9A19103F-16F7-4668-BE54-9A1E7A4F7556}") = "BulkyBook.DataAccess", "BulkyBook.DataAccess\BulkyBook.DataAccess.csproj", "{0F3E87FA-87D0-4F86-A259-2DEB2D0DAD61}"
EndProject
Project("{9A19103F-16F7-4668-BE54-9A1E7A4F7556}") = "BulkyBook.Models", "BulkyBook.Models\BulkyBook.Models.csproj", "{9C421D8E-B7A8-4BFD-85E7-BF952D830F7A}"
EndProject
Project("{9A19103F-16F7-4668-BE54-9A1E7A4F7556}") = "BulkyBook.Utility", "BulkyBook.Utility\BulkyBook.Utility.csproj", "{E6BA2D4D-0231-4A11-8F26-DF9537A0D06C}"
EndProject
Global
	GlobalSection(SolutionConfigurationPlatforms) = preSolution
		Debug|Any CPU = Debug|Any CPU
		Release|Any CPU = Release|Any CPU
	EndGlobalSection
	GlobalSection(ProjectConfigurationPlatforms) = postSolution
		{AEF71DCD-F6AA-4574-BE5B-3C7A8587B758}.Debug|Any CPU.ActiveCfg = Debug|Any CPU
		{AEF71DCD-F6AA-4574-BE5B-3C7A8587B758}.Debug|Any CPU.Build.0 = Debug|Any CPU
		{AEF71DCD-F6AA-4574-BE5B-3C7A8587B758}.Release|Any CPU.ActiveCfg = Release|Any CPU
		{AEF71DCD-F6AA-4574-BE5B-3C7A8587B758}.Release|Any CPU.Build.0 = Release|Any CPU
		{0F3E87FA-87D0-4F86-A259-2DEB2D0DAD61}.Debug|Any CPU.ActiveCfg = Debug|Any CPU
		{0F3E87FA-87D0-4F86-A259-2DEB2D0DAD61}.Debug|Any CPU.Build.0 = Debug|Any CPU
		{0F3E87FA-87D0-4F86-A259-2DEB2D0DAD61}.Release|Any CPU.ActiveCfg = Release|Any CPU
		{0F3E87FA-87D0-4F86-A259-2DEB2D0DAD61}.Release|Any CPU.Build.0 = Release|Any CPU
		{9C421D8E-B7A8-4BFD-85E7-BF952D830F7A}.Debug|Any CPU.ActiveCfg = Debug|Any CPU
		{9C421D8E-B7A8-4BFD-85E7-BF952D830F7A}.Debug|Any CPU.Build.0 = Debug|Any CPU
		{9C421D8E-B7A8-4BFD-85E7-BF952D830F7A}.Release|Any CPU.ActiveCfg = Release|Any CPU
		{9C421D8E-B7A8-4BFD-85E7-BF952D830F7A}.Release|Any CPU.Build.0 = Release|Any CPU
		{E6BA2D4D-0231-4A11-8F26-DF9537A0D06C}.Debug|Any CPU.ActiveCfg = Debug|Any CPU
		{E6BA2D4D-0231-4A11-8F26-DF9537A0D06C}.Debug|Any CPU.Build.0 = Debug|Any CPU
		{E6BA2D4D-0231-4A11-8F26-DF9537A0D06C}.Release|Any CPU.ActiveCfg = Release|Any CPU
		{E6BA2D4D-0231-4A11-8F26-DF9537A0D06C}.Release|Any CPU.Build.0 = Release|Any CPU
	EndGlobalSection
	GlobalSection(SolutionProperties) = preSolution
		HideSolutionNode = FALSE
	EndGlobalSection
	GlobalSection(ExtensibilityGlobals) = postSolution
		SolutionGuid = {8CA722AC-36D9-4C5B-9FF3-3D614BD4123D}
	EndGlobalSection
EndGlobal
